
Microsoft Visual Studio Solution File, Format Version 12.00
# Visual Studio Version 16
VisualStudioVersion = 16.0.30204.135
MinimumVisualStudioVersion = 10.0.40219.1
Project("{FAE04EC0-301F-11D3-BF4B-00C04F79EFBC}") = "Parse", "Parse.csproj", "{C880C8B6-D15E-4FBA-889B-6EEC394F59C4}"
EndProject
Global
	GlobalSection(SolutionConfigurationPlatforms) = preSolution
		Debug|Any CPU = Debug|Any CPU
		Release|Any CPU = Release|Any CPU
	EndGlobalSection
	GlobalSection(ProjectConfigurationPlatforms) = postSolution
		{C880C8B6-D15E-4FBA-889B-6EEC394F59C4}.Debug|Any CPU.ActiveCfg = Debug|Any CPU
		{C880C8B6-D15E-4FBA-889B-6EEC394F59C4}.Debug|Any CPU.Build.0 = Debug|Any CPU
		{C880C8B6-D15E-4FBA-889B-6EEC394F59C4}.Release|Any CPU.ActiveCfg = Release|Any CPU
		{C880C8B6-D15E-4FBA-889B-6EEC394F59C4}.Release|Any CPU.Build.0 = Release|Any CPU
	EndGlobalSection
	GlobalSection(SolutionProperties) = preSolution
		HideSolutionNode = FALSE
	EndGlobalSection
	GlobalSection(ExtensibilityGlobals) = postSolution
		SolutionGuid = {07ED0BE3-6B78-4029-831B-645897348C8A}
	EndGlobalSection
EndGlobal
