{
  "dependencies": {
    "amdefine": {
      "version": "1.0.1",
      "from": "amdefine@>=0.0.4",
      "resolved": "https://registry.npmjs.org/amdefine/-/amdefine-1.0.1.tgz",
      "dev": true
    },
    "bootstrap": {
      "version": "4.0.0-alpha.6",
      "from": "bootstrap@>=4.0.0-alpha.6 <5.0.0",
      "resolved": "https://registry.npmjs.org/bootstrap/-/bootstrap-4.0.0-alpha.6.tgz",
      "dev": true
    },
    "clean-css": {
      "version": "3.4.27",
      "from": "clean-css@>=3.4.23 <4.0.0",
      "resolved": "https://registry.npmjs.org/clean-css/-/clean-css-3.4.27.tgz",
      "dev": true
    },
    "commander": {
      "version": "2.8.1",
      "from": "commander@>=2.8.0 <2.9.0",
      "resolved": "https://registry.npmjs.org/commander/-/commander-2.8.1.tgz",
      "dev": true
    },
    "graceful-readlink": {
      "version": "1.0.1",
      "from": "graceful-readlink@>=1.0.0",
      "resolved": "https://registry.npmjs.org/graceful-readlink/-/graceful-readlink-1.0.1.tgz",
      "dev": true
    },
    "jquery": {
      "version": "3.2.1",
      "from": "jquery@>=1.9.1",
      "resolved": "https://registry.npmjs.org/jquery/-/jquery-3.2.1.tgz",
      "dev": true
    },
    "source-map": {
      "version": "0.4.4",
      "from": "source-map@>=0.4.0 <0.5.0",
      "resolved": "https://registry.npmjs.org/source-map/-/source-map-0.4.4.tgz",
      "dev": true
    },
    "tether": {
      "version": "1.4.0",
      "from": "tether@>=1.4.0 <2.0.0",
      "resolved": "https://registry.npmjs.org/tether/-/tether-1.4.0.tgz",
      "dev": true
    }
  }
}
