
Microsoft Visual Studio Solution File, Format Version 12.00
# Visual Studio 14
VisualStudioVersion = 14.0.25420.1
MinimumVisualStudioVersion = 10.0.40219.1
Project("{8BB2217D-0F2D-49D1-97BC-3654ED321F3B}") = "Server", "Server\Server.xproj", "{320E8093-9F53-4750-810A-B5E449DA1AAF}"
EndProject
Project("{2150E333-8FDC-42A3-9474-1A3956D46DE8}") = "Solution Items", "Solution Items", "{85E48728-234D-417D-88C4-4520D141E1A5}"
	ProjectSection(SolutionItems) = preProject
		global.json = global.json
	EndProjectSection
EndProject
Project("{8BB2217D-0F2D-49D1-97BC-3654ED321F3B}") = "Application", "Application\Application.xproj", "{09B34598-3BAE-4F6B-A246-3B4AF22EFCE5}"
EndProject
Project("{9092AA53-FB77-4645-B42D-1CCCA6BD08BD}") = "UniversalExpress", "UniversalExpress\UniversalExpress.njsproj", "{65F95D4D-36AD-4330-A7A6-BCE1011DEA88}"
EndProject
Project("{8BB2217D-0F2D-49D1-97BC-3654ED321F3B}") = "Build", "Build\Build.xproj", "{D1290BF4-0F84-469C-A28A-CF315DE8C5AD}"
EndProject
Global
	GlobalSection(SolutionConfigurationPlatforms) = preSolution
		Debug|Any CPU = Debug|Any CPU
		Release|Any CPU = Release|Any CPU
	EndGlobalSection
	GlobalSection(ProjectConfigurationPlatforms) = postSolution
		{320E8093-9F53-4750-810A-B5E449DA1AAF}.Debug|Any CPU.ActiveCfg = Debug|Any CPU
		{320E8093-9F53-4750-810A-B5E449DA1AAF}.Debug|Any CPU.Build.0 = Debug|Any CPU
		{320E8093-9F53-4750-810A-B5E449DA1AAF}.Release|Any CPU.ActiveCfg = Release|Any CPU
		{320E8093-9F53-4750-810A-B5E449DA1AAF}.Release|Any CPU.Build.0 = Release|Any CPU
		{09B34598-3BAE-4F6B-A246-3B4AF22EFCE5}.Debug|Any CPU.ActiveCfg = Debug|Any CPU
		{09B34598-3BAE-4F6B-A246-3B4AF22EFCE5}.Debug|Any CPU.Build.0 = Debug|Any CPU
		{09B34598-3BAE-4F6B-A246-3B4AF22EFCE5}.Release|Any CPU.ActiveCfg = Release|Any CPU
		{09B34598-3BAE-4F6B-A246-3B4AF22EFCE5}.Release|Any CPU.Build.0 = Release|Any CPU
		{65F95D4D-36AD-4330-A7A6-BCE1011DEA88}.Debug|Any CPU.ActiveCfg = Debug|Any CPU
		{65F95D4D-36AD-4330-A7A6-BCE1011DEA88}.Debug|Any CPU.Build.0 = Debug|Any CPU
		{65F95D4D-36AD-4330-A7A6-BCE1011DEA88}.Release|Any CPU.ActiveCfg = Release|Any CPU
		{65F95D4D-36AD-4330-A7A6-BCE1011DEA88}.Release|Any CPU.Build.0 = Release|Any CPU
		{D1290BF4-0F84-469C-A28A-CF315DE8C5AD}.Debug|Any CPU.ActiveCfg = Debug|Any CPU
		{D1290BF4-0F84-469C-A28A-CF315DE8C5AD}.Debug|Any CPU.Build.0 = Debug|Any CPU
		{D1290BF4-0F84-469C-A28A-CF315DE8C5AD}.Release|Any CPU.ActiveCfg = Release|Any CPU
		{D1290BF4-0F84-469C-A28A-CF315DE8C5AD}.Release|Any CPU.Build.0 = Release|Any CPU
	EndGlobalSection
	GlobalSection(SolutionProperties) = preSolution
		HideSolutionNode = FALSE
	EndGlobalSection
EndGlobal
