
Microsoft Visual Studio Solution File, Format Version 12.00
# Visual Studio 15
VisualStudioVersion = 15.0.28010.0
MinimumVisualStudioVersion = 10.0.40219.1
Project("{FAE04EC0-301F-11D3-BF4B-00C04F79EFBC}") = "ConsoleApp", "ConsoleApp\ConsoleApp.csproj", "{01FCA7D8-02DA-4423-9C5E-A5FCD7232C32}"
EndProject
Global
	GlobalSection(SolutionConfigurationPlatforms) = preSolution
		Debug|Any CPU = Debug|Any CPU
		Release|Any CPU = Release|Any CPU
	EndGlobalSection
	GlobalSection(ProjectConfigurationPlatforms) = postSolution
		{01FCA7D8-02DA-4423-9C5E-A5FCD7232C32}.Debug|Any CPU.ActiveCfg = Debug|Any CPU
		{01FCA7D8-02DA-4423-9C5E-A5FCD7232C32}.Debug|Any CPU.Build.0 = Debug|Any CPU
		{01FCA7D8-02DA-4423-9C5E-A5FCD7232C32}.Release|Any CPU.ActiveCfg = Release|Any CPU
		{01FCA7D8-02DA-4423-9C5E-A5FCD7232C32}.Release|Any CPU.Build.0 = Release|Any CPU
	EndGlobalSection
	GlobalSection(SolutionProperties) = preSolution
		HideSolutionNode = FALSE
	EndGlobalSection
	GlobalSection(ExtensibilityGlobals) = postSolution
		SolutionGuid = {D25E6528-E89C-421C-9D2B-A5E38CC28E23}
	EndGlobalSection
EndGlobal
