
Microsoft Visual Studio Solution File, Format Version 12.00
# Visual Studio 15
VisualStudioVersion = 15.0.28307.168
MinimumVisualStudioVersion = 10.0.40219.1
Project("{9A19103F-16F7-4668-BE54-9A1E7A4F7556}") = "Country", "Country\Country.csproj", "{8F72FFB1-EC67-4292-9BEA-CD4253BAEC02}"
EndProject
Global
	GlobalSection(SolutionConfigurationPlatforms) = preSolution
		Debug|Any CPU = Debug|Any CPU
		Release|Any CPU = Release|Any CPU
	EndGlobalSection
	GlobalSection(ProjectConfigurationPlatforms) = postSolution
		{8F72FFB1-EC67-4292-9BEA-CD4253BAEC02}.Debug|Any CPU.ActiveCfg = Debug|Any CPU
		{8F72FFB1-EC67-4292-9BEA-CD4253BAEC02}.Debug|Any CPU.Build.0 = Debug|Any CPU
		{8F72FFB1-EC67-4292-9BEA-CD4253BAEC02}.Release|Any CPU.ActiveCfg = Release|Any CPU
		{8F72FFB1-EC67-4292-9BEA-CD4253BAEC02}.Release|Any CPU.Build.0 = Release|Any CPU
	EndGlobalSection
	GlobalSection(SolutionProperties) = preSolution
		HideSolutionNode = FALSE
	EndGlobalSection
	GlobalSection(ExtensibilityGlobals) = postSolution
		SolutionGuid = {3FA03EEA-DC0E-4808-A0C5-E9C64CEE0851}
	EndGlobalSection
EndGlobal
